
Microsoft Visual Studio Solution File, Format Version 12.00
# Visual Studio Version 17
VisualStudioVersion = 17.4.33213.308
MinimumVisualStudioVersion = 10.0.40219.1
Project("{FAE04EC0-301F-11D3-BF4B-00C04F79EFBC}") = "Course", "Course\Course.csproj", "{EF8B0EB8-8C2A-43E3-BACE-0E3E4BCBE67D}"
EndProject
Global
	GlobalSection(SolutionConfigurationPlatforms) = preSolution
		Debug|Any CPU = Debug|Any CPU
		Release|Any CPU = Release|Any CPU
	EndGlobalSection
	GlobalSection(ProjectConfigurationPlatforms) = postSolution
		{EF8B0EB8-8C2A-43E3-BACE-0E3E4BCBE67D}.Debug|Any CPU.ActiveCfg = Debug|Any CPU
		{EF8B0EB8-8C2A-43E3-BACE-0E3E4BCBE67D}.Debug|Any CPU.Build.0 = Debug|Any CPU
		{EF8B0EB8-8C2A-43E3-BACE-0E3E4BCBE67D}.Release|Any CPU.ActiveCfg = Release|Any CPU
		{EF8B0EB8-8C2A-43E3-BACE-0E3E4BCBE67D}.Release|Any CPU.Build.0 = Release|Any CPU
	EndGlobalSection
	GlobalSection(SolutionProperties) = preSolution
		HideSolutionNode = FALSE
	EndGlobalSection
	GlobalSection(ExtensibilityGlobals) = postSolution
		SolutionGuid = {799EC221-2088-4E32-82D4-0A5AEB8FBC71}
	EndGlobalSection
EndGlobal
